
Microsoft Visual Studio Solution File, Format Version 12.00
# Visual Studio Version 16
VisualStudioVersion = 16.0.31410.357
MinimumVisualStudioVersion = 10.0.40219.1
Project("{8BC9CEB8-8B4A-11D0-8D11-00A0C91BC942}") = "NoClip GD", "NoClip GD\NoClip GD.vcxproj", "{CDCB159C-1DED-4D8F-AC86-86E0B91BA2F3}"
EndProject
Global
	GlobalSection(SolutionConfigurationPlatforms) = preSolution
		Debug|x64 = Debug|x64
		Debug|x86 = Debug|x86
		Release|x64 = Release|x64
		Release|x86 = Release|x86
	EndGlobalSection
	GlobalSection(ProjectConfigurationPlatforms) = postSolution
		{CDCB159C-1DED-4D8F-AC86-86E0B91BA2F3}.Debug|x64.ActiveCfg = Debug|x64
		{CDCB159C-1DED-4D8F-AC86-86E0B91BA2F3}.Debug|x64.Build.0 = Debug|x64
		{CDCB159C-1DED-4D8F-AC86-86E0B91BA2F3}.Debug|x86.ActiveCfg = Debug|Win32
		{CDCB159C-1DED-4D8F-AC86-86E0B91BA2F3}.Debug|x86.Build.0 = Debug|Win32
		{CDCB159C-1DED-4D8F-AC86-86E0B91BA2F3}.Release|x64.ActiveCfg = Release|x64
		{CDCB159C-1DED-4D8F-AC86-86E0B91BA2F3}.Release|x64.Build.0 = Release|x64
		{CDCB159C-1DED-4D8F-AC86-86E0B91BA2F3}.Release|x86.ActiveCfg = Release|Win32
		{CDCB159C-1DED-4D8F-AC86-86E0B91BA2F3}.Release|x86.Build.0 = Release|Win32
	EndGlobalSection
	GlobalSection(SolutionProperties) = preSolution
		HideSolutionNode = FALSE
	EndGlobalSection
	GlobalSection(ExtensibilityGlobals) = postSolution
		SolutionGuid = {9614DB04-62C2-4864-910C-4A197910D3D3}
	EndGlobalSection
EndGlobal
